// !$*UTF8*$!
{
	archiveVersion = 1;
	classes = {
	};
	objectVersion = 50;
	objects = {

/* Begin PBXBuildFile section */
		79C631A52486877000C857F3 /* AppDelegate.swift in Sources */ = {isa = PBXBuildFile; fileRef = 79C631A42486877000C857F3 /* AppDelegate.swift */; };
		79C631A72486877000C857F3 /* SceneDelegate.swift in Sources */ = {isa = PBXBuildFile; fileRef = 79C631A62486877000C857F3 /* SceneDelegate.swift */; };
		79C631A92486877000C857F3 /* SpinViewController.swift in Sources */ = {isa = PBXBuildFile; fileRef = 79C631A82486877000C857F3 /* SpinViewController.swift */; };
		79C631AC2486877000C857F3 /* Main.storyboard in Resources */ = {isa = PBXBuildFile; fileRef = 79C631AA2486877000C857F3 /* Main.storyboard */; };
		79C631AE2486877500C857F3 /* Assets.xcassets in Resources */ = {isa = PBXBuildFile; fileRef = 79C631AD2486877500C857F3 /* Assets.xcassets */; };
		79C631B12486877500C857F3 /* LaunchScreen.storyboard in Resources */ = {isa = PBXBuildFile; fileRef = 79C631AF2486877500C857F3 /* LaunchScreen.storyboard */; };
		79C631B92486975300C857F3 /* Animation.swift in Sources */ = {isa = PBXBuildFile; fileRef = 79C631B82486975300C857F3 /* Animation.swift */; };
		79C631BB2487060A00C857F3 /* ShakeViewController.swift in Sources */ = {isa = PBXBuildFile; fileRef = 79C631BA2487060A00C857F3 /* ShakeViewController.swift */; };
		79E7CDDB2487C8AA00BFBCDD /* PickerModel.swift in Sources */ = {isa = PBXBuildFile; fileRef = 79E7CDDA2487C8AA00BFBCDD /* PickerModel.swift */; };
/* End PBXBuildFile section */

/* Begin PBXFileReference section */
		79C631A12486877000C857F3 /* Spin.app */ = {isa = PBXFileReference; explicitFileType = wrapper.application; includeInIndex = 0; path = Spin.app; sourceTree = BUILT_PRODUCTS_DIR; };
		79C631A42486877000C857F3 /* AppDelegate.swift */ = {isa = PBXFileReference; lastKnownFileType = sourcecode.swift; path = AppDelegate.swift; sourceTree = "<group>"; };
		79C631A62486877000C857F3 /* SceneDelegate.swift */ = {isa = PBXFileReference; lastKnownFileType = sourcecode.swift; path = SceneDelegate.swift; sourceTree = "<group>"; };
		79C631A82486877000C857F3 /* SpinViewController.swift */ = {isa = PBXFileReference; lastKnownFileType = sourcecode.swift; path = SpinViewController.swift; sourceTree = "<group>"; };
		79C631AB2486877000C857F3 /* Base */ = {isa = PBXFileReference; lastKnownFileType = file.storyboard; name = Base; path = Base.lproj/Main.storyboard; sourceTree = "<group>"; };
		79C631AD2486877500C857F3 /* Assets.xcassets */ = {isa = PBXFileReference; lastKnownFileType = folder.assetcatalog; path = Assets.xcassets; sourceTree = "<group>"; };
		79C631B02486877500C857F3 /* Base */ = {isa = PBXFileReference; lastKnownFileType = file.storyboard; name = Base; path = Base.lproj/LaunchScreen.storyboard; sourceTree = "<group>"; };
		79C631B22486877500C857F3 /* Info.plist */ = {isa = PBXFileReference; lastKnownFileType = text.plist.xml; path = Info.plist; sourceTree = "<group>"; };
		79C631B82486975300C857F3 /* Animation.swift */ = {isa = PBXFileReference; lastKnownFileType = sourcecode.swift; path = Animation.swift; sourceTree = "<group>"; };
		79C631BA2487060A00C857F3 /* ShakeViewController.swift */ = {isa = PBXFileReference; lastKnownFileType = sourcecode.swift; path = ShakeViewController.swift; sourceTree = "<group>"; };
		79E7CDDA2487C8AA00BFBCDD /* PickerModel.swift */ = {isa = PBXFileReference; lastKnownFileType = sourcecode.swift; path = PickerModel.swift; sourceTree = "<group>"; };
/* End PBXFileReference section */

/* Begin PBXFrameworksBuildPhase section */
		79C6319E2486877000C857F3 /* Frameworks */ = {
			isa = PBXFrameworksBuildPhase;
			buildActionMask = 2147483647;
			files = (
			);
			runOnlyForDeploymentPostprocessing = 0;
		};
/* End PBXFrameworksBuildPhase section */

/* Begin PBXGroup section */
		79C631982486876F00C857F3 = {
			isa = PBXGroup;
			children = (
				79C631A32486877000C857F3 /* Spin */,
				79C631A22486877000C857F3 /* Products */,
			);
			sourceTree = "<group>";
		};
		79C631A22486877000C857F3 /* Products */ = {
			isa = PBXGroup;
			children = (
				79C631A12486877000C857F3 /* Spin.app */,
			);
			name = Products;
			sourceTree = "<group>";
		};
		79C631A32486877000C857F3 /* Spin */ = {
			isa = PBXGroup;
			children = (
				79C631A42486877000C857F3 /* AppDelegate.swift */,
				79C631A62486877000C857F3 /* SceneDelegate.swift */,
				79C631B82486975300C857F3 /* Animation.swift */,
				79C631A82486877000C857F3 /* SpinViewController.swift */,
				79C631BA2487060A00C857F3 /* ShakeViewController.swift */,
				79E7CDDE2487EA7700BFBCDD /* View */,
				79C631AD2486877500C857F3 /* Assets.xcassets */,
				79C631AF2486877500C857F3 /* LaunchScreen.storyboard */,
				79C631B22486877500C857F3 /* Info.plist */,
			);
			path = Spin;
			sourceTree = "<group>";
		};
		79E7CDDE2487EA7700BFBCDD /* View */ = {
			isa = PBXGroup;
			children = (
				79E7CDDA2487C8AA00BFBCDD /* PickerModel.swift */,
				79C631AA2486877000C857F3 /* Main.storyboard */,
			);
			path = View;
			sourceTree = "<group>";
		};
/* End PBXGroup section */

/* Begin PBXNativeTarget section */
		79C631A02486877000C857F3 /* Spin */ = {
			isa = PBXNativeTarget;
			buildConfigurationList = 79C631B52486877500C857F3 /* Build configuration list for PBXNativeTarget "Spin" */;
			buildPhases = (
				79C6319D2486877000C857F3 /* Sources */,
				79C6319E2486877000C857F3 /* Frameworks */,
				79C6319F2486877000C857F3 /* Resources */,
			);
			buildRules = (
			);
			dependencies = (
			);
			name = Spin;
			productName = Spin;
			productReference = 79C631A12486877000C857F3 /* Spin.app */;
			productType = "com.apple.product-type.application";
		};
/* End PBXNativeTarget section */

/* Begin PBXProject section */
		79C631992486876F00C857F3 /* Project object */ = {
			isa = PBXProject;
			attributes = {
				LastSwiftUpdateCheck = 1140;
				LastUpgradeCheck = 1140;
				ORGANIZATIONNAME = "Temirlan Dzodziev";
				TargetAttributes = {
					79C631A02486877000C857F3 = {
						CreatedOnToolsVersion = 11.4.1;
					};
				};
			};
			buildConfigurationList = 79C6319C2486876F00C857F3 /* Build configuration list for PBXProject "Spin" */;
			compatibilityVersion = "Xcode 9.3";
			developmentRegion = en;
			hasScannedForEncodings = 0;
			knownRegions = (
				en,
				Base,
			);
			mainGroup = 79C631982486876F00C857F3;
			productRefGroup = 79C631A22486877000C857F3 /* Products */;
			projectDirPath = "";
			projectRoot = "";
			targets = (
				79C631A02486877000C857F3 /* Spin */,
			);
		};
/* End PBXProject section */

/* Begin PBXResourcesBuildPhase section */
		79C6319F2486877000C857F3 /* Resources */ = {
			isa = PBXResourcesBuildPhase;
			buildActionMask = 2147483647;
			files = (
				79C631B12486877500C857F3 /* LaunchScreen.storyboard in Resources */,
				79C631AE2486877500C857F3 /* Assets.xcassets in Resources */,
				79C631AC2486877000C857F3 /* Main.storyboard in Resources */,
			);
			runOnlyForDeploymentPostprocessing = 0;
		};
/* End PBXResourcesBuildPhase section */

/* Begin PBXSourcesBuildPhase section */
		79C6319D2486877000C857F3 /* Sources */ = {
			isa = PBXSourcesBuildPhase;
			buildActionMask = 2147483647;
			files = (
				79C631A92486877000C857F3 /* SpinViewController.swift in Sources */,
				79C631A52486877000C857F3 /* AppDelegate.swift in Sources */,
				79C631B92486975300C857F3 /* Animation.swift in Sources */,
				79E7CDDB2487C8AA00BFBCDD /* PickerModel.swift in Sources */,
				79C631A72486877000C857F3 /* SceneDelegate.swift in Sources */,
				79C631BB2487060A00C857F3 /* ShakeViewController.swift in Sources */,
			);
			runOnlyForDeploymentPostprocessing = 0;
		};
/* End PBXSourcesBuildPhase section */

/* Begin PBXVariantGroup section */
		79C631AA2486877000C857F3 /* Main.storyboard */ = {
			isa = PBXVariantGroup;
			children = (
				79C631AB2486877000C857F3 /* Base */,
			);
			name = Main.storyboard;
			sourceTree = "<group>";
		};
		79C631AF2486877500C857F3 /* LaunchScreen.storyboard */ = {
			isa = PBXVariantGroup;
			children = (
				79C631B02486877500C857F3 /* Base */,
			);
			name = LaunchScreen.storyboard;
			sourceTree = "<group>";
		};
/* End PBXVariantGroup section */

/* Begin XCBuildConfiguration section */
		79C631B32486877500C857F3 /* Debug */ = {
			isa = XCBuildConfiguration;
			buildSettings = {
				ALWAYS_SEARCH_USER_PATHS = NO;
				CLANG_ANALYZER_NONNULL = YES;
				CLANG_ANALYZER_NUMBER_OBJECT_CONVERSION = YES_AGGRESSIVE;
				CLANG_CXX_LANGUAGE_STANDARD = "gnu++14";
				CLANG_CXX_LIBRARY = "libc++";
				CLANG_ENABLE_MODULES = YES;
				CLANG_ENABLE_OBJC_ARC = YES;
				CLANG_ENABLE_OBJC_WEAK = YES;
				CLANG_WARN_BLOCK_CAPTURE_AUTORELEASING = YES;
				CLANG_WARN_BOOL_CONVERSION = YES;
				CLANG_WARN_COMMA = YES;
				CLANG_WARN_CONSTANT_CONVERSION = YES;
				CLANG_WARN_DEPRECATED_OBJC_IMPLEMENTATIONS = YES;
				CLANG_WARN_DIRECT_OBJC_ISA_USAGE = YES_ERROR;
				CLANG_WARN_DOCUMENTATION_COMMENTS = YES;
				CLANG_WARN_EMPTY_BODY = YES;
				CLANG_WARN_ENUM_CONVERSION = YES;
				CLANG_WARN_INFINITE_RECURSION = YES;
				CLANG_WARN_INT_CONVERSION = YES;
				CLANG_WARN_NON_LITERAL_NULL_CONVERSION = YES;
				CLANG_WARN_OBJC_IMPLICIT_RETAIN_SELF = YES;
				CLANG_WARN_OBJC_LITERAL_CONVERSION = YES;
				CLANG_WARN_OBJC_ROOT_CLASS = YES_ERROR;
				CLANG_WARN_RANGE_LOOP_ANALYSIS = YES;
				CLANG_WARN_STRICT_PROTOTYPES = YES;
				CLANG_WARN_SUSPICIOUS_MOVE = YES;
				CLANG_WARN_UNGUARDED_AVAILABILITY = YES_AGGRESSIVE;
				CLANG_WARN_UNREACHABLE_CODE = YES;
				CLANG_WARN__DUPLICATE_METHOD_MATCH = YES;
				COPY_PHASE_STRIP = NO;
				DEBUG_INFORMATION_FORMAT = dwarf;
				ENABLE_STRICT_OBJC_MSGSEND = YES;
				ENABLE_TESTABILITY = YES;
				GCC_C_LANGUAGE_STANDARD = gnu11;
				GCC_DYNAMIC_NO_PIC = NO;
				GCC_NO_COMMON_BLOCKS = YES;
				GCC_OPTIMIZATION_LEVEL = 0;
				GCC_PREPROCESSOR_DEFINITIONS = (
					"DEBUG=1",
					"$(inherited)",
				);
				GCC_WARN_64_TO_32_BIT_CONVERSION = YES;
				GCC_WARN_ABOUT_RETURN_TYPE = YES_ERROR;
				GCC_WARN_UNDECLARED_SELECTOR = YES;
				GCC_WARN_UNINITIALIZED_AUTOS = YES_AGGRESSIVE;
				GCC_WARN_UNUSED_FUNCTION = YES;
				GCC_WARN_UNUSED_VARIABLE = YES;
				IPHONEOS_DEPLOYMENT_TARGET = 13.4;
				MTL_ENABLE_DEBUG_INFO = INCLUDE_SOURCE;
				MTL_FAST_MATH = YES;
				ONLY_ACTIVE_ARCH = YES;
				SDKROOT = iphoneos;
				SWIFT_ACTIVE_COMPILATION_CONDITIONS = DEBUG;
				SWIFT_OPTIMIZATION_LEVEL = "-Onone";
			};
			name = Debug;
		};
		79C631B42486877500C857F3 /* Release */ = {
			isa = XCBuildConfiguration;
			buildSettings = {
				ALWAYS_SEARCH_USER_PATHS = NO;
				CLANG_ANALYZER_NONNULL = YES;
				CLANG_ANALYZER_NUMBER_OBJECT_CONVERSION = YES_AGGRESSIVE;
				CLANG_CXX_LANGUAGE_STANDARD = "gnu++14";
				CLANG_CXX_LIBRARY = "libc++";
				CLANG_ENABLE_MODULES = YES;
				CLANG_ENABLE_OBJC_ARC = YES;
				CLANG_ENABLE_OBJC_WEAK = YES;
				CLANG_WARN_BLOCK_CAPTURE_AUTORELEASING = YES;
				CLANG_WARN_BOOL_CONVERSION = YES;
				CLANG_WARN_COMMA = YES;
				CLANG_WARN_CONSTANT_CONVERSION = YES;
				CLANG_WARN_DEPRECATED_OBJC_IMPLEMENTATIONS = YES;
				CLANG_WARN_DIRECT_OBJC_ISA_USAGE = YES_ERROR;
				CLANG_WARN_DOCUMENTATION_COMMENTS = YES;
				CLANG_WARN_EMPTY_BODY = YES;
				CLANG_WARN_ENUM_CONVERSION = YES;
				CLANG_WARN_INFINITE_RECURSION = YES;
				CLANG_WARN_INT_CONVERSION = YES;
				CLANG_WARN_NON_LITERAL_NULL_CONVERSION = YES;
				CLANG_WARN_OBJC_IMPLICIT_RETAIN_SELF = YES;
				CLANG_WARN_OBJC_LITERAL_CONVERSION = YES;
				CLANG_WARN_OBJC_ROOT_CLASS = YES_ERROR;
				CLANG_WARN_RANGE_LOOP_ANALYSIS = YES;
				CLANG_WARN_STRICT_PROTOTYPES = YES;
				CLANG_WARN_SUSPICIOUS_MOVE = YES;
				CLANG_WARN_UNGUARDED_AVAILABILITY = YES_AGGRESSIVE;
				CLANG_WARN_UNREACHABLE_CODE = YES;
				CLANG_WARN__DUPLICATE_METHOD_MATCH = YES;
				COPY_PHASE_STRIP = NO;
				DEBUG_INFORMATION_FORMAT = "dwarf-with-dsym";
				ENABLE_NS_ASSERTIONS = NO;
				ENABLE_STRICT_OBJC_MSGSEND = YES;
				GCC_C_LANGUAGE_STANDARD = gnu11;
				GCC_NO_COMMON_BLOCKS = YES;
				GCC_WARN_64_TO_32_BIT_CONVERSION = YES;
				GCC_WARN_ABOUT_RETURN_TYPE = YES_ERROR;
				GCC_WARN_UNDECLARED_SELECTOR = YES;
				GCC_WARN_UNINITIALIZED_AUTOS = YES_AGGRESSIVE;
				GCC_WARN_UNUSED_FUNCTION = YES;
				GCC_WARN_UNUSED_VARIABLE = YES;
				IPHONEOS_DEPLOYMENT_TARGET = 13.4;
				MTL_ENABLE_DEBUG_INFO = NO;
				MTL_FAST_MATH = YES;
				SDKROOT = iphoneos;
				SWIFT_COMPILATION_MODE = wholemodule;
				SWIFT_OPTIMIZATION_LEVEL = "-O";
				VALIDATE_PRODUCT = YES;
			};
			name = Release;
		};
		79C631B62486877500C857F3 /* Debug */ = {
			isa = XCBuildConfiguration;
			buildSettings = {
				ASSETCATALOG_COMPILER_APPICON_NAME = AppIcon;
				CODE_SIGN_STYLE = Automatic;
				DEVELOPMENT_TEAM = D6XYWNGKK3;
				INFOPLIST_FILE = Spin/Info.plist;
				LD_RUNPATH_SEARCH_PATHS = (
					"$(inherited)",
					"@executable_path/Frameworks",
				);
				PRODUCT_BUNDLE_IDENTIFIER = com.tommy.1313.Spin;
				PRODUCT_NAME = "$(TARGET_NAME)";
				SWIFT_VERSION = 5.0;
				TARGETED_DEVICE_FAMILY = "1,2";
			};
			name = Debug;
		};
		79C631B72486877500C857F3 /* Release */ = {
			isa = XCBuildConfiguration;
			buildSettings = {
				ASSETCATALOG_COMPILER_APPICON_NAME = AppIcon;
				CODE_SIGN_STYLE = Automatic;
				DEVELOPMENT_TEAM = D6XYWNGKK3;
				INFOPLIST_FILE = Spin/Info.plist;
				LD_RUNPATH_SEARCH_PATHS = (
					"$(inherited)",
					"@executable_path/Frameworks",
				);
				PRODUCT_BUNDLE_IDENTIFIER = com.tommy.1313.Spin;
				PRODUCT_NAME = "$(TARGET_NAME)";
				SWIFT_VERSION = 5.0;
				TARGETED_DEVICE_FAMILY = "1,2";
			};
			name = Release;
		};
/* End XCBuildConfiguration section */

/* Begin XCConfigurationList section */
		79C6319C2486876F00C857F3 /* Build configuration list for PBXProject "Spin" */ = {
			isa = XCConfigurationList;
			buildConfigurations = (
				79C631B32486877500C857F3 /* Debug */,
				79C631B42486877500C857F3 /* Release */,
			);
			defaultConfigurationIsVisible = 0;
			defaultConfigurationName = Release;
		};
		79C631B52486877500C857F3 /* Build configuration list for PBXNativeTarget "Spin" */ = {
			isa = XCConfigurationList;
			buildConfigurations = (
				79C631B62486877500C857F3 /* Debug */,
				79C631B72486877500C857F3 /* Release */,
			);
			defaultConfigurationIsVisible = 0;
			defaultConfigurationName = Release;
		};
/* End XCConfigurationList section */
	};
	rootObject = 79C631992486876F00C857F3 /* Project object */;
}
